
Microsoft Visual Studio Solution File, Format Version 12.00
# Visual Studio 15
VisualStudioVersion = 15.0.28307.421
MinimumVisualStudioVersion = 10.0.40219.1
Project("{FAE04EC0-301F-11D3-BF4B-00C04F79EFBC}") = "charans_it", "charans_it\charans_it.csproj", "{2AC0BF43-2948-4E9B-AE6D-4738B1E4C701}"
EndProject
Global
	GlobalSection(SolutionConfigurationPlatforms) = preSolution
		Debug|Any CPU = Debug|Any CPU
		Release|Any CPU = Release|Any CPU
	EndGlobalSection
	GlobalSection(ProjectConfigurationPlatforms) = postSolution
		{2AC0BF43-2948-4E9B-AE6D-4738B1E4C701}.Debug|Any CPU.ActiveCfg = Debug|Any CPU
		{2AC0BF43-2948-4E9B-AE6D-4738B1E4C701}.Debug|Any CPU.Build.0 = Debug|Any CPU
		{2AC0BF43-2948-4E9B-AE6D-4738B1E4C701}.Release|Any CPU.ActiveCfg = Release|Any CPU
		{2AC0BF43-2948-4E9B-AE6D-4738B1E4C701}.Release|Any CPU.Build.0 = Release|Any CPU
	EndGlobalSection
	GlobalSection(SolutionProperties) = preSolution
		HideSolutionNode = FALSE
	EndGlobalSection
	GlobalSection(ExtensibilityGlobals) = postSolution
		SolutionGuid = {2977B936-E309-4C88-B6D3-93CE9AE5C00A}
	EndGlobalSection
EndGlobal
